
Microsoft Visual Studio Solution File, Format Version 12.00
# Visual Studio Version 16
VisualStudioVersion = 16.0.30413.136
MinimumVisualStudioVersion = 10.0.40219.1
Project("{FAE04EC0-301F-11D3-BF4B-00C04F79EFBC}") = "OMSWebApp.Server", "OMSWebApp\Server\OMSWebApp.Server.csproj", "{6F70485A-BEF8-41AF-851A-A81EE04FEA4C}"
EndProject
Project("{FAE04EC0-301F-11D3-BF4B-00C04F79EFBC}") = "OMSWebApp.Client", "OMSWebApp\Client\OMSWebApp.Client.csproj", "{7A3DDFC3-089C-4FA6-885E-19BA75A5DF6B}"
EndProject
Project("{FAE04EC0-301F-11D3-BF4B-00C04F79EFBC}") = "OMSWebApp.Shared", "OMSWebApp\Shared\OMSWebApp.Shared.csproj", "{BC426AF0-2370-4DAC-A843-DCAF42C66165}"
EndProject
Global
	GlobalSection(SolutionConfigurationPlatforms) = preSolution
		Debug|Any CPU = Debug|Any CPU
		Release|Any CPU = Release|Any CPU
	EndGlobalSection
	GlobalSection(ProjectConfigurationPlatforms) = postSolution
		{6F70485A-BEF8-41AF-851A-A81EE04FEA4C}.Debug|Any CPU.ActiveCfg = Debug|Any CPU
		{6F70485A-BEF8-41AF-851A-A81EE04FEA4C}.Debug|Any CPU.Build.0 = Debug|Any CPU
		{6F70485A-BEF8-41AF-851A-A81EE04FEA4C}.Release|Any CPU.ActiveCfg = Release|Any CPU
		{6F70485A-BEF8-41AF-851A-A81EE04FEA4C}.Release|Any CPU.Build.0 = Release|Any CPU
		{7A3DDFC3-089C-4FA6-885E-19BA75A5DF6B}.Debug|Any CPU.ActiveCfg = Debug|Any CPU
		{7A3DDFC3-089C-4FA6-885E-19BA75A5DF6B}.Debug|Any CPU.Build.0 = Debug|Any CPU
		{7A3DDFC3-089C-4FA6-885E-19BA75A5DF6B}.Release|Any CPU.ActiveCfg = Release|Any CPU
		{7A3DDFC3-089C-4FA6-885E-19BA75A5DF6B}.Release|Any CPU.Build.0 = Release|Any CPU
		{BC426AF0-2370-4DAC-A843-DCAF42C66165}.Debug|Any CPU.ActiveCfg = Debug|Any CPU
		{BC426AF0-2370-4DAC-A843-DCAF42C66165}.Debug|Any CPU.Build.0 = Debug|Any CPU
		{BC426AF0-2370-4DAC-A843-DCAF42C66165}.Release|Any CPU.ActiveCfg = Release|Any CPU
		{BC426AF0-2370-4DAC-A843-DCAF42C66165}.Release|Any CPU.Build.0 = Release|Any CPU
	EndGlobalSection
	GlobalSection(SolutionProperties) = preSolution
		HideSolutionNode = FALSE
	EndGlobalSection
	GlobalSection(ExtensibilityGlobals) = postSolution
		SolutionGuid = {9922DF8F-7F7D-432A-AD31-1A1E9D7202E7}
	EndGlobalSection
EndGlobal
